// !$*UTF8*$!
{
	archiveVersion = 1;
	classes = {
	};
	objectVersion = 56;
	objects = {

/* Begin PBXBuildFile section */
		191C8C422CB5599500126D89 /* UANGKUApp.swift in Sources */ = {isa = PBXBuildFile; fileRef = 191C8C412CB5599500126D89 /* UANGKUApp.swift */; };
		191C8C442CB5599500126D89 /* ContentView.swift in Sources */ = {isa = PBXBuildFile; fileRef = 191C8C432CB5599500126D89 /* ContentView.swift */; };
		191C8C462CB5599900126D89 /* Assets.xcassets in Resources */ = {isa = PBXBuildFile; fileRef = 191C8C452CB5599900126D89 /* Assets.xcassets */; };
		191C8C492CB5599900126D89 /* Preview Assets.xcassets in Resources */ = {isa = PBXBuildFile; fileRef = 191C8C482CB5599900126D89 /* Preview Assets.xcassets */; };
		191C8C4B2CB5599900126D89 /* Persistence.swift in Sources */ = {isa = PBXBuildFile; fileRef = 191C8C4A2CB5599900126D89 /* Persistence.swift */; };
		191C8C4E2CB5599900126D89 /* UANGKU.xcdatamodeld in Sources */ = {isa = PBXBuildFile; fileRef = 191C8C4C2CB5599900126D89 /* UANGKU.xcdatamodeld */; };
		191C8C582CB5599A00126D89 /* UANGKUTests.swift in Sources */ = {isa = PBXBuildFile; fileRef = 191C8C572CB5599A00126D89 /* UANGKUTests.swift */; };
		191C8C622CB5599A00126D89 /* UANGKUUITests.swift in Sources */ = {isa = PBXBuildFile; fileRef = 191C8C612CB5599A00126D89 /* UANGKUUITests.swift */; };
		191C8C642CB5599A00126D89 /* UANGKUUITestsLaunchTests.swift in Sources */ = {isa = PBXBuildFile; fileRef = 191C8C632CB5599A00126D89 /* UANGKUUITestsLaunchTests.swift */; };
/* End PBXBuildFile section */

/* Begin PBXContainerItemProxy section */
		191C8C542CB5599A00126D89 /* PBXContainerItemProxy */ = {
			isa = PBXContainerItemProxy;
			containerPortal = 191C8C362CB5599500126D89 /* Project object */;
			proxyType = 1;
			remoteGlobalIDString = 191C8C3D2CB5599500126D89;
			remoteInfo = UANGKU;
		};
		191C8C5E2CB5599A00126D89 /* PBXContainerItemProxy */ = {
			isa = PBXContainerItemProxy;
			containerPortal = 191C8C362CB5599500126D89 /* Project object */;
			proxyType = 1;
			remoteGlobalIDString = 191C8C3D2CB5599500126D89;
			remoteInfo = UANGKU;
		};
/* End PBXContainerItemProxy section */

/* Begin PBXFileReference section */
		191C8C3E2CB5599500126D89 /* UANGKU.app */ = {isa = PBXFileReference; explicitFileType = wrapper.application; includeInIndex = 0; path = UANGKU.app; sourceTree = BUILT_PRODUCTS_DIR; };
		191C8C412CB5599500126D89 /* UANGKUApp.swift */ = {isa = PBXFileReference; lastKnownFileType = sourcecode.swift; path = UANGKUApp.swift; sourceTree = "<group>"; };
		191C8C432CB5599500126D89 /* ContentView.swift */ = {isa = PBXFileReference; lastKnownFileType = sourcecode.swift; path = ContentView.swift; sourceTree = "<group>"; };
		191C8C452CB5599900126D89 /* Assets.xcassets */ = {isa = PBXFileReference; lastKnownFileType = folder.assetcatalog; path = Assets.xcassets; sourceTree = "<group>"; };
		191C8C482CB5599900126D89 /* Preview Assets.xcassets */ = {isa = PBXFileReference; lastKnownFileType = folder.assetcatalog; path = "Preview Assets.xcassets"; sourceTree = "<group>"; };
		191C8C4A2CB5599900126D89 /* Persistence.swift */ = {isa = PBXFileReference; lastKnownFileType = sourcecode.swift; path = Persistence.swift; sourceTree = "<group>"; };
		191C8C4D2CB5599900126D89 /* UANGKU.xcdatamodel */ = {isa = PBXFileReference; lastKnownFileType = wrapper.xcdatamodel; path = UANGKU.xcdatamodel; sourceTree = "<group>"; };
		191C8C532CB5599A00126D89 /* UANGKUTests.xctest */ = {isa = PBXFileReference; explicitFileType = wrapper.cfbundle; includeInIndex = 0; path = UANGKUTests.xctest; sourceTree = BUILT_PRODUCTS_DIR; };
		191C8C572CB5599A00126D89 /* UANGKUTests.swift */ = {isa = PBXFileReference; lastKnownFileType = sourcecode.swift; path = UANGKUTests.swift; sourceTree = "<group>"; };
		191C8C5D2CB5599A00126D89 /* UANGKUUITests.xctest */ = {isa = PBXFileReference; explicitFileType = wrapper.cfbundle; includeInIndex = 0; path = UANGKUUITests.xctest; sourceTree = BUILT_PRODUCTS_DIR; };
		191C8C612CB5599A00126D89 /* UANGKUUITests.swift */ = {isa = PBXFileReference; lastKnownFileType = sourcecode.swift; path = UANGKUUITests.swift; sourceTree = "<group>"; };
		191C8C632CB5599A00126D89 /* UANGKUUITestsLaunchTests.swift */ = {isa = PBXFileReference; lastKnownFileType = sourcecode.swift; path = UANGKUUITestsLaunchTests.swift; sourceTree = "<group>"; };
/* End PBXFileReference section */

/* Begin PBXFrameworksBuildPhase section */
		191C8C3B2CB5599500126D89 /* Frameworks */ = {
			isa = PBXFrameworksBuildPhase;
			buildActionMask = 2147483647;
			files = (
			);
			runOnlyForDeploymentPostprocessing = 0;
		};
		191C8C502CB5599A00126D89 /* Frameworks */ = {
			isa = PBXFrameworksBuildPhase;
			buildActionMask = 2147483647;
			files = (
			);
			runOnlyForDeploymentPostprocessing = 0;
		};
		191C8C5A2CB5599A00126D89 /* Frameworks */ = {
			isa = PBXFrameworksBuildPhase;
			buildActionMask = 2147483647;
			files = (
			);
			runOnlyForDeploymentPostprocessing = 0;
		};
/* End PBXFrameworksBuildPhase section */

/* Begin PBXGroup section */
		191C8C352CB5599500126D89 = {
			isa = PBXGroup;
			children = (
				191C8C402CB5599500126D89 /* UANGKU */,
				191C8C562CB5599A00126D89 /* UANGKUTests */,
				191C8C602CB5599A00126D89 /* UANGKUUITests */,
				191C8C3F2CB5599500126D89 /* Products */,
			);
			sourceTree = "<group>";
		};
		191C8C3F2CB5599500126D89 /* Products */ = {
			isa = PBXGroup;
			children = (
				191C8C3E2CB5599500126D89 /* UANGKU.app */,
				191C8C532CB5599A00126D89 /* UANGKUTests.xctest */,
				191C8C5D2CB5599A00126D89 /* UANGKUUITests.xctest */,
			);
			name = Products;
			sourceTree = "<group>";
		};
		191C8C402CB5599500126D89 /* UANGKU */ = {
			isa = PBXGroup;
			children = (
				191C8C412CB5599500126D89 /* UANGKUApp.swift */,
				191C8C432CB5599500126D89 /* ContentView.swift */,
				191C8C452CB5599900126D89 /* Assets.xcassets */,
				191C8C4A2CB5599900126D89 /* Persistence.swift */,
				191C8C4C2CB5599900126D89 /* UANGKU.xcdatamodeld */,
				191C8C472CB5599900126D89 /* Preview Content */,
			);
			path = UANGKU;
			sourceTree = "<group>";
		};
		191C8C472CB5599900126D89 /* Preview Content */ = {
			isa = PBXGroup;
			children = (
				191C8C482CB5599900126D89 /* Preview Assets.xcassets */,
			);
			path = "Preview Content";
			sourceTree = "<group>";
		};
		191C8C562CB5599A00126D89 /* UANGKUTests */ = {
			isa = PBXGroup;
			children = (
				191C8C572CB5599A00126D89 /* UANGKUTests.swift */,
			);
			path = UANGKUTests;
			sourceTree = "<group>";
		};
		191C8C602CB5599A00126D89 /* UANGKUUITests */ = {
			isa = PBXGroup;
			children = (
				191C8C612CB5599A00126D89 /* UANGKUUITests.swift */,
				191C8C632CB5599A00126D89 /* UANGKUUITestsLaunchTests.swift */,
			);
			path = UANGKUUITests;
			sourceTree = "<group>";
		};
/* End PBXGroup section */

/* Begin PBXNativeTarget section */
		191C8C3D2CB5599500126D89 /* UANGKU */ = {
			isa = PBXNativeTarget;
			buildConfigurationList = 191C8C672CB5599A00126D89 /* Build configuration list for PBXNativeTarget "UANGKU" */;
			buildPhases = (
				191C8C3A2CB5599500126D89 /* Sources */,
				191C8C3B2CB5599500126D89 /* Frameworks */,
				191C8C3C2CB5599500126D89 /* Resources */,
			);
			buildRules = (
			);
			dependencies = (
			);
			name = UANGKU;
			productName = UANGKU;
			productReference = 191C8C3E2CB5599500126D89 /* UANGKU.app */;
			productType = "com.apple.product-type.application";
		};
		191C8C522CB5599A00126D89 /* UANGKUTests */ = {
			isa = PBXNativeTarget;
			buildConfigurationList = 191C8C6A2CB5599A00126D89 /* Build configuration list for PBXNativeTarget "UANGKUTests" */;
			buildPhases = (
				191C8C4F2CB5599A00126D89 /* Sources */,
				191C8C502CB5599A00126D89 /* Frameworks */,
				191C8C512CB5599A00126D89 /* Resources */,
			);
			buildRules = (
			);
			dependencies = (
				191C8C552CB5599A00126D89 /* PBXTargetDependency */,
			);
			name = UANGKUTests;
			productName = UANGKUTests;
			productReference = 191C8C532CB5599A00126D89 /* UANGKUTests.xctest */;
			productType = "com.apple.product-type.bundle.unit-test";
		};
		191C8C5C2CB5599A00126D89 /* UANGKUUITests */ = {
			isa = PBXNativeTarget;
			buildConfigurationList = 191C8C6D2CB5599A00126D89 /* Build configuration list for PBXNativeTarget "UANGKUUITests" */;
			buildPhases = (
				191C8C592CB5599A00126D89 /* Sources */,
				191C8C5A2CB5599A00126D89 /* Frameworks */,
				191C8C5B2CB5599A00126D89 /* Resources */,
			);
			buildRules = (
			);
			dependencies = (
				191C8C5F2CB5599A00126D89 /* PBXTargetDependency */,
			);
			name = UANGKUUITests;
			productName = UANGKUUITests;
			productReference = 191C8C5D2CB5599A00126D89 /* UANGKUUITests.xctest */;
			productType = "com.apple.product-type.bundle.ui-testing";
		};
/* End PBXNativeTarget section */

/* Begin PBXProject section */
		191C8C362CB5599500126D89 /* Project object */ = {
			isa = PBXProject;
			attributes = {
				BuildIndependentTargetsInParallel = 1;
				LastSwiftUpdateCheck = 1420;
				LastUpgradeCheck = 1420;
				TargetAttributes = {
					191C8C3D2CB5599500126D89 = {
						CreatedOnToolsVersion = 14.2;
					};
					191C8C522CB5599A00126D89 = {
						CreatedOnToolsVersion = 14.2;
						TestTargetID = 191C8C3D2CB5599500126D89;
					};
					191C8C5C2CB5599A00126D89 = {
						CreatedOnToolsVersion = 14.2;
						TestTargetID = 191C8C3D2CB5599500126D89;
					};
				};
			};
			buildConfigurationList = 191C8C392CB5599500126D89 /* Build configuration list for PBXProject "UANGKU" */;
			compatibilityVersion = "Xcode 14.0";
			developmentRegion = en;
			hasScannedForEncodings = 0;
			knownRegions = (
				en,
				Base,
			);
			mainGroup = 191C8C352CB5599500126D89;
			productRefGroup = 191C8C3F2CB5599500126D89 /* Products */;
			projectDirPath = "";
			projectRoot = "";
			targets = (
				191C8C3D2CB5599500126D89 /* UANGKU */,
				191C8C522CB5599A00126D89 /* UANGKUTests */,
				191C8C5C2CB5599A00126D89 /* UANGKUUITests */,
			);
		};
/* End PBXProject section */

/* Begin PBXResourcesBuildPhase section */
		191C8C3C2CB5599500126D89 /* Resources */ = {
			isa = PBXResourcesBuildPhase;
			buildActionMask = 2147483647;
			files = (
				191C8C492CB5599900126D89 /* Preview Assets.xcassets in Resources */,
				191C8C462CB5599900126D89 /* Assets.xcassets in Resources */,
			);
			runOnlyForDeploymentPostprocessing = 0;
		};
		191C8C512CB5599A00126D89 /* Resources */ = {
			isa = PBXResourcesBuildPhase;
			buildActionMask = 2147483647;
			files = (
			);
			runOnlyForDeploymentPostprocessing = 0;
		};
		191C8C5B2CB5599A00126D89 /* Resources */ = {
			isa = PBXResourcesBuildPhase;
			buildActionMask = 2147483647;
			files = (
			);
			runOnlyForDeploymentPostprocessing = 0;
		};
/* End PBXResourcesBuildPhase section */

/* Begin PBXSourcesBuildPhase section */
		191C8C3A2CB5599500126D89 /* Sources */ = {
			isa = PBXSourcesBuildPhase;
			buildActionMask = 2147483647;
			files = (
				191C8C4B2CB5599900126D89 /* Persistence.swift in Sources */,
				191C8C442CB5599500126D89 /* ContentView.swift in Sources */,
				191C8C4E2CB5599900126D89 /* UANGKU.xcdatamodeld in Sources */,
				191C8C422CB5599500126D89 /* UANGKUApp.swift in Sources */,
			);
			runOnlyForDeploymentPostprocessing = 0;
		};
		191C8C4F2CB5599A00126D89 /* Sources */ = {
			isa = PBXSourcesBuildPhase;
			buildActionMask = 2147483647;
			files = (
				191C8C582CB5599A00126D89 /* UANGKUTests.swift in Sources */,
			);
			runOnlyForDeploymentPostprocessing = 0;
		};
		191C8C592CB5599A00126D89 /* Sources */ = {
			isa = PBXSourcesBuildPhase;
			buildActionMask = 2147483647;
			files = (
				191C8C622CB5599A00126D89 /* UANGKUUITests.swift in Sources */,
				191C8C642CB5599A00126D89 /* UANGKUUITestsLaunchTests.swift in Sources */,
			);
			runOnlyForDeploymentPostprocessing = 0;
		};
/* End PBXSourcesBuildPhase section */

/* Begin PBXTargetDependency section */
		191C8C552CB5599A00126D89 /* PBXTargetDependency */ = {
			isa = PBXTargetDependency;
			target = 191C8C3D2CB5599500126D89 /* UANGKU */;
			targetProxy = 191C8C542CB5599A00126D89 /* PBXContainerItemProxy */;
		};
		191C8C5F2CB5599A00126D89 /* PBXTargetDependency */ = {
			isa = PBXTargetDependency;
			target = 191C8C3D2CB5599500126D89 /* UANGKU */;
			targetProxy = 191C8C5E2CB5599A00126D89 /* PBXContainerItemProxy */;
		};
/* End PBXTargetDependency section */

/* Begin XCBuildConfiguration section */
		191C8C652CB5599A00126D89 /* Debug */ = {
			isa = XCBuildConfiguration;
			buildSettings = {
				ALWAYS_SEARCH_USER_PATHS = NO;
				CLANG_ANALYZER_NONNULL = YES;
				CLANG_ANALYZER_NUMBER_OBJECT_CONVERSION = YES_AGGRESSIVE;
				CLANG_CXX_LANGUAGE_STANDARD = "gnu++20";
				CLANG_ENABLE_MODULES = YES;
				CLANG_ENABLE_OBJC_ARC = YES;
				CLANG_ENABLE_OBJC_WEAK = YES;
				CLANG_WARN_BLOCK_CAPTURE_AUTORELEASING = YES;
				CLANG_WARN_BOOL_CONVERSION = YES;
				CLANG_WARN_COMMA = YES;
				CLANG_WARN_CONSTANT_CONVERSION = YES;
				CLANG_WARN_DEPRECATED_OBJC_IMPLEMENTATIONS = YES;
				CLANG_WARN_DIRECT_OBJC_ISA_USAGE = YES_ERROR;
				CLANG_WARN_DOCUMENTATION_COMMENTS = YES;
				CLANG_WARN_EMPTY_BODY = YES;
				CLANG_WARN_ENUM_CONVERSION = YES;
				CLANG_WARN_INFINITE_RECURSION = YES;
				CLANG_WARN_INT_CONVERSION = YES;
				CLANG_WARN_NON_LITERAL_NULL_CONVERSION = YES;
				CLANG_WARN_OBJC_IMPLICIT_RETAIN_SELF = YES;
				CLANG_WARN_OBJC_LITERAL_CONVERSION = YES;
				CLANG_WARN_OBJC_ROOT_CLASS = YES_ERROR;
				CLANG_WARN_QUOTED_INCLUDE_IN_FRAMEWORK_HEADER = YES;
				CLANG_WARN_RANGE_LOOP_ANALYSIS = YES;
				CLANG_WARN_STRICT_PROTOTYPES = YES;
				CLANG_WARN_SUSPICIOUS_MOVE = YES;
				CLANG_WARN_UNGUARDED_AVAILABILITY = YES_AGGRESSIVE;
				CLANG_WARN_UNREACHABLE_CODE = YES;
				CLANG_WARN__DUPLICATE_METHOD_MATCH = YES;
				COPY_PHASE_STRIP = NO;
				DEBUG_INFORMATION_FORMAT = dwarf;
				ENABLE_STRICT_OBJC_MSGSEND = YES;
				ENABLE_TESTABILITY = YES;
				GCC_C_LANGUAGE_STANDARD = gnu11;
				GCC_DYNAMIC_NO_PIC = NO;
				GCC_NO_COMMON_BLOCKS = YES;
				GCC_OPTIMIZATION_LEVEL = 0;
				GCC_PREPROCESSOR_DEFINITIONS = (
					"DEBUG=1",
					"$(inherited)",
				);
				GCC_WARN_64_TO_32_BIT_CONVERSION = YES;
				GCC_WARN_ABOUT_RETURN_TYPE = YES_ERROR;
				GCC_WARN_UNDECLARED_SELECTOR = YES;
				GCC_WARN_UNINITIALIZED_AUTOS = YES_AGGRESSIVE;
				GCC_WARN_UNUSED_FUNCTION = YES;
				GCC_WARN_UNUSED_VARIABLE = YES;
				IPHONEOS_DEPLOYMENT_TARGET = 16.2;
				MTL_ENABLE_DEBUG_INFO = INCLUDE_SOURCE;
				MTL_FAST_MATH = YES;
				ONLY_ACTIVE_ARCH = YES;
				SDKROOT = iphoneos;
				SWIFT_ACTIVE_COMPILATION_CONDITIONS = DEBUG;
				SWIFT_OPTIMIZATION_LEVEL = "-Onone";
			};
			name = Debug;
		};
		191C8C662CB5599A00126D89 /* Release */ = {
			isa = XCBuildConfiguration;
			buildSettings = {
				ALWAYS_SEARCH_USER_PATHS = NO;
				CLANG_ANALYZER_NONNULL = YES;
				CLANG_ANALYZER_NUMBER_OBJECT_CONVERSION = YES_AGGRESSIVE;
				CLANG_CXX_LANGUAGE_STANDARD = "gnu++20";
				CLANG_ENABLE_MODULES = YES;
				CLANG_ENABLE_OBJC_ARC = YES;
				CLANG_ENABLE_OBJC_WEAK = YES;
				CLANG_WARN_BLOCK_CAPTURE_AUTORELEASING = YES;
				CLANG_WARN_BOOL_CONVERSION = YES;
				CLANG_WARN_COMMA = YES;
				CLANG_WARN_CONSTANT_CONVERSION = YES;
				CLANG_WARN_DEPRECATED_OBJC_IMPLEMENTATIONS = YES;
				CLANG_WARN_DIRECT_OBJC_ISA_USAGE = YES_ERROR;
				CLANG_WARN_DOCUMENTATION_COMMENTS = YES;
				CLANG_WARN_EMPTY_BODY = YES;
				CLANG_WARN_ENUM_CONVERSION = YES;
				CLANG_WARN_INFINITE_RECURSION = YES;
				CLANG_WARN_INT_CONVERSION = YES;
				CLANG_WARN_NON_LITERAL_NULL_CONVERSION = YES;
				CLANG_WARN_OBJC_IMPLICIT_RETAIN_SELF = YES;
				CLANG_WARN_OBJC_LITERAL_CONVERSION = YES;
				CLANG_WARN_OBJC_ROOT_CLASS = YES_ERROR;
				CLANG_WARN_QUOTED_INCLUDE_IN_FRAMEWORK_HEADER = YES;
				CLANG_WARN_RANGE_LOOP_ANALYSIS = YES;
				CLANG_WARN_STRICT_PROTOTYPES = YES;
				CLANG_WARN_SUSPICIOUS_MOVE = YES;
				CLANG_WARN_UNGUARDED_AVAILABILITY = YES_AGGRESSIVE;
				CLANG_WARN_UNREACHABLE_CODE = YES;
				CLANG_WARN__DUPLICATE_METHOD_MATCH = YES;
				COPY_PHASE_STRIP = NO;
				DEBUG_INFORMATION_FORMAT = "dwarf-with-dsym";
				ENABLE_NS_ASSERTIONS = NO;
				ENABLE_STRICT_OBJC_MSGSEND = YES;
				GCC_C_LANGUAGE_STANDARD = gnu11;
				GCC_NO_COMMON_BLOCKS = YES;
				GCC_WARN_64_TO_32_BIT_CONVERSION = YES;
				GCC_WARN_ABOUT_RETURN_TYPE = YES_ERROR;
				GCC_WARN_UNDECLARED_SELECTOR = YES;
				GCC_WARN_UNINITIALIZED_AUTOS = YES_AGGRESSIVE;
				GCC_WARN_UNUSED_FUNCTION = YES;
				GCC_WARN_UNUSED_VARIABLE = YES;
				IPHONEOS_DEPLOYMENT_TARGET = 16.2;
				MTL_ENABLE_DEBUG_INFO = NO;
				MTL_FAST_MATH = YES;
				SDKROOT = iphoneos;
				SWIFT_COMPILATION_MODE = wholemodule;
				SWIFT_OPTIMIZATION_LEVEL = "-O";
				VALIDATE_PRODUCT = YES;
			};
			name = Release;
		};
		191C8C682CB5599A00126D89 /* Debug */ = {
			isa = XCBuildConfiguration;
			buildSettings = {
				ASSETCATALOG_COMPILER_APPICON_NAME = AppIcon;
				ASSETCATALOG_COMPILER_GLOBAL_ACCENT_COLOR_NAME = AccentColor;
				CODE_SIGN_STYLE = Automatic;
				CURRENT_PROJECT_VERSION = 1;
				DEVELOPMENT_ASSET_PATHS = "\"UANGKU/Preview Content\"";
				DEVELOPMENT_TEAM = R8CS9M3L4Q;
				ENABLE_PREVIEWS = YES;
				GENERATE_INFOPLIST_FILE = YES;
				INFOPLIST_KEY_UIApplicationSceneManifest_Generation = YES;
				INFOPLIST_KEY_UIApplicationSupportsIndirectInputEvents = YES;
				INFOPLIST_KEY_UILaunchScreen_Generation = YES;
				INFOPLIST_KEY_UISupportedInterfaceOrientations_iPad = "UIInterfaceOrientationPortrait UIInterfaceOrientationPortraitUpsideDown UIInterfaceOrientationLandscapeLeft UIInterfaceOrientationLandscapeRight";
				INFOPLIST_KEY_UISupportedInterfaceOrientations_iPhone = "UIInterfaceOrientationPortrait UIInterfaceOrientationLandscapeLeft UIInterfaceOrientationLandscapeRight";
				LD_RUNPATH_SEARCH_PATHS = (
					"$(inherited)",
					"@executable_path/Frameworks",
				);
				MARKETING_VERSION = 1.0;
				PRODUCT_BUNDLE_IDENTIFIER = tyas.UANGKU;
				PRODUCT_NAME = "$(TARGET_NAME)";
				SWIFT_EMIT_LOC_STRINGS = YES;
				SWIFT_VERSION = 5.0;
				TARGETED_DEVICE_FAMILY = "1,2";
			};
			name = Debug;
		};
		191C8C692CB5599A00126D89 /* Release */ = {
			isa = XCBuildConfiguration;
			buildSettings = {
				ASSETCATALOG_COMPILER_APPICON_NAME = AppIcon;
				ASSETCATALOG_COMPILER_GLOBAL_ACCENT_COLOR_NAME = AccentColor;
				CODE_SIGN_STYLE = Automatic;
				CURRENT_PROJECT_VERSION = 1;
				DEVELOPMENT_ASSET_PATHS = "\"UANGKU/Preview Content\"";
				DEVELOPMENT_TEAM = R8CS9M3L4Q;
				ENABLE_PREVIEWS = YES;
				GENERATE_INFOPLIST_FILE = YES;
				INFOPLIST_KEY_UIApplicationSceneManifest_Generation = YES;
				INFOPLIST_KEY_UIApplicationSupportsIndirectInputEvents = YES;
				INFOPLIST_KEY_UILaunchScreen_Generation = YES;
				INFOPLIST_KEY_UISupportedInterfaceOrientations_iPad = "UIInterfaceOrientationPortrait UIInterfaceOrientationPortraitUpsideDown UIInterfaceOrientationLandscapeLeft UIInterfaceOrientationLandscapeRight";
				INFOPLIST_KEY_UISupportedInterfaceOrientations_iPhone = "UIInterfaceOrientationPortrait UIInterfaceOrientationLandscapeLeft UIInterfaceOrientationLandscapeRight";
				LD_RUNPATH_SEARCH_PATHS = (
					"$(inherited)",
					"@executable_path/Frameworks",
				);
				MARKETING_VERSION = 1.0;
				PRODUCT_BUNDLE_IDENTIFIER = tyas.UANGKU;
				PRODUCT_NAME = "$(TARGET_NAME)";
				SWIFT_EMIT_LOC_STRINGS = YES;
				SWIFT_VERSION = 5.0;
				TARGETED_DEVICE_FAMILY = "1,2";
			};
			name = Release;
		};
		191C8C6B2CB5599A00126D89 /* Debug */ = {
			isa = XCBuildConfiguration;
			buildSettings = {
				ALWAYS_EMBED_SWIFT_STANDARD_LIBRARIES = YES;
				BUNDLE_LOADER = "$(TEST_HOST)";
				CODE_SIGN_STYLE = Automatic;
				CURRENT_PROJECT_VERSION = 1;
				DEVELOPMENT_TEAM = R8CS9M3L4Q;
				GENERATE_INFOPLIST_FILE = YES;
				IPHONEOS_DEPLOYMENT_TARGET = 16.2;
				MARKETING_VERSION = 1.0;
				PRODUCT_BUNDLE_IDENTIFIER = tyas.UANGKUTests;
				PRODUCT_NAME = "$(TARGET_NAME)";
				SWIFT_EMIT_LOC_STRINGS = NO;
				SWIFT_VERSION = 5.0;
				TARGETED_DEVICE_FAMILY = "1,2";
				TEST_HOST = "$(BUILT_PRODUCTS_DIR)/UANGKU.app/$(BUNDLE_EXECUTABLE_FOLDER_PATH)/UANGKU";
			};
			name = Debug;
		};
		191C8C6C2CB5599A00126D89 /* Release */ = {
			isa = XCBuildConfiguration;
			buildSettings = {
				ALWAYS_EMBED_SWIFT_STANDARD_LIBRARIES = YES;
				BUNDLE_LOADER = "$(TEST_HOST)";
				CODE_SIGN_STYLE = Automatic;
				CURRENT_PROJECT_VERSION = 1;
				DEVELOPMENT_TEAM = R8CS9M3L4Q;
				GENERATE_INFOPLIST_FILE = YES;
				IPHONEOS_DEPLOYMENT_TARGET = 16.2;
				MARKETING_VERSION = 1.0;
				PRODUCT_BUNDLE_IDENTIFIER = tyas.UANGKUTests;
				PRODUCT_NAME = "$(TARGET_NAME)";
				SWIFT_EMIT_LOC_STRINGS = NO;
				SWIFT_VERSION = 5.0;
				TARGETED_DEVICE_FAMILY = "1,2";
				TEST_HOST = "$(BUILT_PRODUCTS_DIR)/UANGKU.app/$(BUNDLE_EXECUTABLE_FOLDER_PATH)/UANGKU";
			};
			name = Release;
		};
		191C8C6E2CB5599A00126D89 /* Debug */ = {
			isa = XCBuildConfiguration;
			buildSettings = {
				ALWAYS_EMBED_SWIFT_STANDARD_LIBRARIES = YES;
				CODE_SIGN_STYLE = Automatic;
				CURRENT_PROJECT_VERSION = 1;
				DEVELOPMENT_TEAM = R8CS9M3L4Q;
				GENERATE_INFOPLIST_FILE = YES;
				MARKETING_VERSION = 1.0;
				PRODUCT_BUNDLE_IDENTIFIER = tyas.UANGKUUITests;
				PRODUCT_NAME = "$(TARGET_NAME)";
				SWIFT_EMIT_LOC_STRINGS = NO;
				SWIFT_VERSION = 5.0;
				TARGETED_DEVICE_FAMILY = "1,2";
				TEST_TARGET_NAME = UANGKU;
			};
			name = Debug;
		};
		191C8C6F2CB5599A00126D89 /* Release */ = {
			isa = XCBuildConfiguration;
			buildSettings = {
				ALWAYS_EMBED_SWIFT_STANDARD_LIBRARIES = YES;
				CODE_SIGN_STYLE = Automatic;
				CURRENT_PROJECT_VERSION = 1;
				DEVELOPMENT_TEAM = R8CS9M3L4Q;
				GENERATE_INFOPLIST_FILE = YES;
				MARKETING_VERSION = 1.0;
				PRODUCT_BUNDLE_IDENTIFIER = tyas.UANGKUUITests;
				PRODUCT_NAME = "$(TARGET_NAME)";
				SWIFT_EMIT_LOC_STRINGS = NO;
				SWIFT_VERSION = 5.0;
				TARGETED_DEVICE_FAMILY = "1,2";
				TEST_TARGET_NAME = UANGKU;
			};
			name = Release;
		};
/* End XCBuildConfiguration section */

/* Begin XCConfigurationList section */
		191C8C392CB5599500126D89 /* Build configuration list for PBXProject "UANGKU" */ = {
			isa = XCConfigurationList;
			buildConfigurations = (
				191C8C652CB5599A00126D89 /* Debug */,
				191C8C662CB5599A00126D89 /* Release */,
			);
			defaultConfigurationIsVisible = 0;
			defaultConfigurationName = Release;
		};
		191C8C672CB5599A00126D89 /* Build configuration list for PBXNativeTarget "UANGKU" */ = {
			isa = XCConfigurationList;
			buildConfigurations = (
				191C8C682CB5599A00126D89 /* Debug */,
				191C8C692CB5599A00126D89 /* Release */,
			);
			defaultConfigurationIsVisible = 0;
			defaultConfigurationName = Release;
		};
		191C8C6A2CB5599A00126D89 /* Build configuration list for PBXNativeTarget "UANGKUTests" */ = {
			isa = XCConfigurationList;
			buildConfigurations = (
				191C8C6B2CB5599A00126D89 /* Debug */,
				191C8C6C2CB5599A00126D89 /* Release */,
			);
			defaultConfigurationIsVisible = 0;
			defaultConfigurationName = Release;
		};
		191C8C6D2CB5599A00126D89 /* Build configuration list for PBXNativeTarget "UANGKUUITests" */ = {
			isa = XCConfigurationList;
			buildConfigurations = (
				191C8C6E2CB5599A00126D89 /* Debug */,
				191C8C6F2CB5599A00126D89 /* Release */,
			);
			defaultConfigurationIsVisible = 0;
			defaultConfigurationName = Release;
		};
/* End XCConfigurationList section */

/* Begin XCVersionGroup section */
		191C8C4C2CB5599900126D89 /* UANGKU.xcdatamodeld */ = {
			isa = XCVersionGroup;
			children = (
				191C8C4D2CB5599900126D89 /* UANGKU.xcdatamodel */,
			);
			currentVersion = 191C8C4D2CB5599900126D89 /* UANGKU.xcdatamodel */;
			path = UANGKU.xcdatamodeld;
			sourceTree = "<group>";
			versionGroupType = wrapper.xcdatamodel;
		};
/* End XCVersionGroup section */
	};
	rootObject = 191C8C362CB5599500126D89 /* Project object */;
}
